{
  "name": "@loganlee23/gameroom",
  "version": "1.0.51",
  "lockfileVersion": 3,
  "requires": true,
  "packages": {
    "": {
      "name": "@loganlee23/gameroom",
      "version": "1.0.51",
      "license": "ISC",
      "dependencies": {
        "@cloudflare/workers-types": "^4.20260426.1",
        "typescript": "^6.0.3"
      }
    },
    "node_modules/@cloudflare/workers-types": {
      "version": "4.20260507.1",
      "resolved": "https://registry.npmjs.org/@cloudflare/workers-types/-/workers-types-4.20260507.1.tgz",
      "integrity": "sha512-QChtMFu8EeVKaL4dW5r5wfZzlbH5CUnZU5Ef6E1cPjXzqryQuCwmEDNr+Oj2obbKR9jsVIUHPF/pkFaKWdYl2g=="
    },
    "node_modules/typescript": {
      "version": "6.0.3",
      "resolved": "https://registry.npmjs.org/typescript/-/typescript-6.0.3.tgz",
      "integrity": "sha512-y2TvuxSZPDyQakkFRPZHKFm+KKVqIisdg9/CZwm9ftvKXLP8NRWj38/ODjNbr43SsoXqNuAisEf1GdCxqWcdBw==",
      "bin": {
        "tsc": "bin/tsc",
        "tsserver": "bin/tsserver"
      },
      "engines": {
        "node": ">=14.17"
      }
    }
  }
}
